# This file is automatically @generated by Poetry 1.7.1 and should not be changed by hand.

[[package]]
name = "gitdb"
version = "4.0.11"
description = "Git Object Database"
optional = false
python-versions = ">=3.7"
files = [
    {file = "gitdb-4.0.11-py3-none-any.whl", hash = "sha256:81a3407ddd2ee8df444cbacea00e2d038e40150acfa3001696fe0dcf1d3adfa4"},
    {file = "gitdb-4.0.11.tar.gz", hash = "sha256:bf5421126136d6d0af55bc1e7c1af1c397a34f5b7bd79e776cd3e89785c2b04b"},
]

[package.dependencies]
smmap = ">=3.0.1,<6"

[package.source]
type = "legacy"
url = "https://pypi.mirrors.ustc.edu.cn/simple"
reference = "ustc"

[[package]]
name = "gitpython"
version = "3.1.41"
description = "GitPython is a Python library used to interact with Git repositories"
optional = false
python-versions = ">=3.7"
files = [
    {file = "GitPython-3.1.41-py3-none-any.whl", hash = "sha256:c36b6634d069b3f719610175020a9aed919421c87552185b085e04fbbdb10b7c"},
    {file = "GitPython-3.1.41.tar.gz", hash = "sha256:ed66e624884f76df22c8e16066d567aaa5a37d5b5fa19db2c6df6f7156db9048"},
]

[package.dependencies]
gitdb = ">=4.0.1,<5"

[package.extras]
test = ["black", "coverage[toml]", "ddt (>=1.1.1,!=1.4.3)", "mock", "mypy", "pre-commit", "pytest (>=7.3.1)", "pytest-cov", "pytest-instafail", "pytest-mock", "pytest-sugar", "sumtypes"]

[package.source]
type = "legacy"
url = "https://pypi.mirrors.ustc.edu.cn/simple"
reference = "ustc"

[[package]]
name = "lizard"
version = "1.17.10"
description = "A code analyzer without caring the C/C++ header files. It works with Java, C/C++, JavaScript, Python, Ruby, Swift, Objective C. Metrics includes cyclomatic complexity number etc."
optional = false
python-versions = "*"
files = [
    {file = "lizard-1.17.10-py2.py3-none-any.whl", hash = "sha256:686748cc003de54d3e37f84b6cbbdd975be41a2094f0a779cb7fef65e70fc53e"},
    {file = "lizard-1.17.10.tar.gz", hash = "sha256:62d78acd64724be28b5f4aa27a630dfa4b4afbd1596d1f25d5ad1c1a3a075adc"},
]

[package.source]
type = "legacy"
url = "https://pypi.mirrors.ustc.edu.cn/simple"
reference = "ustc"

[[package]]
name = "pydriller"
version = "2.6"
description = "Framework for MSR"
optional = false
python-versions = ">=3.5"
files = [
    {file = "PyDriller-2.6-py3-none-any.whl", hash = "sha256:4a27f76081a5864a03c562db3c2a8f47afa721b5b190131396bf477125cd967e"},
]

[package.dependencies]
gitpython = "*"
lizard = "*"
pytz = "*"
types-pytz = "*"

[package.source]
type = "legacy"
url = "https://pypi.mirrors.ustc.edu.cn/simple"
reference = "ustc"

[[package]]
name = "pytz"
version = "2024.1"
description = "World timezone definitions, modern and historical"
optional = false
python-versions = "*"
files = [
    {file = "pytz-2024.1-py2.py3-none-any.whl", hash = "sha256:328171f4e3623139da4983451950b28e95ac706e13f3f2630a879749e7a8b319"},
    {file = "pytz-2024.1.tar.gz", hash = "sha256:2a29735ea9c18baf14b448846bde5a48030ed267578472d8955cd0e7443a9812"},
]

[package.source]
type = "legacy"
url = "https://pypi.mirrors.ustc.edu.cn/simple"
reference = "ustc"

[[package]]
name = "smmap"
version = "5.0.1"
description = "A pure Python implementation of a sliding window memory map manager"
optional = false
python-versions = ">=3.7"
files = [
    {file = "smmap-5.0.1-py3-none-any.whl", hash = "sha256:e6d8668fa5f93e706934a62d7b4db19c8d9eb8cf2adbb75ef1b675aa332b69da"},
    {file = "smmap-5.0.1.tar.gz", hash = "sha256:dceeb6c0028fdb6734471eb07c0cd2aae706ccaecab45965ee83f11c8d3b1f62"},
]

[package.source]
type = "legacy"
url = "https://pypi.mirrors.ustc.edu.cn/simple"
reference = "ustc"

[[package]]
name = "types-pytz"
version = "2024.1.0.20240203"
description = "Typing stubs for pytz"
optional = false
python-versions = ">=3.8"
files = [
    {file = "types-pytz-2024.1.0.20240203.tar.gz", hash = "sha256:c93751ee20dfc6e054a0148f8f5227b9a00b79c90a4d3c9f464711a73179c89e"},
    {file = "types_pytz-2024.1.0.20240203-py3-none-any.whl", hash = "sha256:9679eef0365db3af91ef7722c199dbb75ee5c1b67e3c4dd7bfbeb1b8a71c21a3"},
]

[package.source]
type = "legacy"
url = "https://pypi.mirrors.ustc.edu.cn/simple"
reference = "ustc"

[metadata]
lock-version = "2.0"
python-versions = "^3.10"
content-hash = "d4004af5434f50af241a211ebc32afbcd8ecb3f4fff7cbcf6ec893caffad0616"
